
Microsoft Visual Studio Solution File, Format Version 12.00
# Visual Studio Version 16
VisualStudioVersion = 16.0.32929.386
MinimumVisualStudioVersion = 10.0.40219.1
Project("{FAE04EC0-301F-11D3-BF4B-00C04F79EFBC}") = "ShopThoiTrang", "ShopThoiTrang.csproj", "{D2E14EEC-17C6-4ED6-B851-A6812D50EE64}"
EndProject
Global
	GlobalSection(SolutionConfigurationPlatforms) = preSolution
		Debug|Any CPU = Debug|Any CPU
		Release|Any CPU = Release|Any CPU
	EndGlobalSection
	GlobalSection(ProjectConfigurationPlatforms) = postSolution
		{D2E14EEC-17C6-4ED6-B851-A6812D50EE64}.Debug|Any CPU.ActiveCfg = Debug|Any CPU
		{D2E14EEC-17C6-4ED6-B851-A6812D50EE64}.Debug|Any CPU.Build.0 = Debug|Any CPU
		{D2E14EEC-17C6-4ED6-B851-A6812D50EE64}.Release|Any CPU.ActiveCfg = Release|Any CPU
		{D2E14EEC-17C6-4ED6-B851-A6812D50EE64}.Release|Any CPU.Build.0 = Release|Any CPU
	EndGlobalSection
	GlobalSection(SolutionProperties) = preSolution
		HideSolutionNode = FALSE
	EndGlobalSection
	GlobalSection(ExtensibilityGlobals) = postSolution
		SolutionGuid = {029BB1FB-1F24-4C35-AB26-AAFF31A269B9}
	EndGlobalSection
EndGlobal
